// !$*UTF8*$!
{
	archiveVersion = 1;
	classes = {
	};
	objectVersion = 55;
	objects = {

/* Begin PBXBuildFile section */
		CE405A162829FAA600DFCF9E /* RealmMemoApp.swift in Sources */ = {isa = PBXBuildFile; fileRef = CE405A152829FAA600DFCF9E /* RealmMemoApp.swift */; };
		CE405A182829FAA600DFCF9E /* MemoListView.swift in Sources */ = {isa = PBXBuildFile; fileRef = CE405A172829FAA600DFCF9E /* MemoListView.swift */; };
		CE405A1A2829FAA800DFCF9E /* Assets.xcassets in Resources */ = {isa = PBXBuildFile; fileRef = CE405A192829FAA800DFCF9E /* Assets.xcassets */; };
		CE405A1D2829FAA800DFCF9E /* Preview Assets.xcassets in Resources */ = {isa = PBXBuildFile; fileRef = CE405A1C2829FAA800DFCF9E /* Preview Assets.xcassets */; };
		CE405A262829FB0D00DFCF9E /* MainViewModel.swift in Sources */ = {isa = PBXBuildFile; fileRef = CE405A252829FB0D00DFCF9E /* MainViewModel.swift */; };
		CE405A282829FB2100DFCF9E /* UpdateView.swift in Sources */ = {isa = PBXBuildFile; fileRef = CE405A272829FB2100DFCF9E /* UpdateView.swift */; };
		CE405A2D2829FB4F00DFCF9E /* Memo.swift in Sources */ = {isa = PBXBuildFile; fileRef = CE405A2C2829FB4F00DFCF9E /* Memo.swift */; };
		CE405A332829FC8600DFCF9E /* Realm in Frameworks */ = {isa = PBXBuildFile; productRef = CE405A322829FC8600DFCF9E /* Realm */; };
		CE405A352829FC8600DFCF9E /* RealmSwift in Frameworks */ = {isa = PBXBuildFile; productRef = CE405A342829FC8600DFCF9E /* RealmSwift */; };
/* End PBXBuildFile section */

/* Begin PBXFileReference section */
		CE405A122829FAA600DFCF9E /* RealmMemo.app */ = {isa = PBXFileReference; explicitFileType = wrapper.application; includeInIndex = 0; path = RealmMemo.app; sourceTree = BUILT_PRODUCTS_DIR; };
		CE405A152829FAA600DFCF9E /* RealmMemoApp.swift */ = {isa = PBXFileReference; lastKnownFileType = sourcecode.swift; path = RealmMemoApp.swift; sourceTree = "<group>"; };
		CE405A172829FAA600DFCF9E /* MemoListView.swift */ = {isa = PBXFileReference; lastKnownFileType = sourcecode.swift; path = MemoListView.swift; sourceTree = "<group>"; };
		CE405A192829FAA800DFCF9E /* Assets.xcassets */ = {isa = PBXFileReference; lastKnownFileType = folder.assetcatalog; path = Assets.xcassets; sourceTree = "<group>"; };
		CE405A1C2829FAA800DFCF9E /* Preview Assets.xcassets */ = {isa = PBXFileReference; lastKnownFileType = folder.assetcatalog; path = "Preview Assets.xcassets"; sourceTree = "<group>"; };
		CE405A252829FB0D00DFCF9E /* MainViewModel.swift */ = {isa = PBXFileReference; lastKnownFileType = sourcecode.swift; path = MainViewModel.swift; sourceTree = "<group>"; };
		CE405A272829FB2100DFCF9E /* UpdateView.swift */ = {isa = PBXFileReference; lastKnownFileType = sourcecode.swift; path = UpdateView.swift; sourceTree = "<group>"; };
		CE405A2C2829FB4F00DFCF9E /* Memo.swift */ = {isa = PBXFileReference; lastKnownFileType = sourcecode.swift; path = Memo.swift; sourceTree = "<group>"; };
/* End PBXFileReference section */

/* Begin PBXFrameworksBuildPhase section */
		CE405A0F2829FAA600DFCF9E /* Frameworks */ = {
			isa = PBXFrameworksBuildPhase;
			buildActionMask = 2147483647;
			files = (
				CE405A352829FC8600DFCF9E /* RealmSwift in Frameworks */,
				CE405A332829FC8600DFCF9E /* Realm in Frameworks */,
			);
			runOnlyForDeploymentPostprocessing = 0;
		};
/* End PBXFrameworksBuildPhase section */

/* Begin PBXGroup section */
		CE405A092829FAA600DFCF9E = {
			isa = PBXGroup;
			children = (
				CE405A142829FAA600DFCF9E /* RealmMemo */,
				CE405A132829FAA600DFCF9E /* Products */,
			);
			sourceTree = "<group>";
		};
		CE405A132829FAA600DFCF9E /* Products */ = {
			isa = PBXGroup;
			children = (
				CE405A122829FAA600DFCF9E /* RealmMemo.app */,
			);
			name = Products;
			sourceTree = "<group>";
		};
		CE405A142829FAA600DFCF9E /* RealmMemo */ = {
			isa = PBXGroup;
			children = (
				CE405A2B2829FB2D00DFCF9E /* Model */,
				CE405A232829FACD00DFCF9E /* Main */,
				CE405A152829FAA600DFCF9E /* RealmMemoApp.swift */,
				CE405A192829FAA800DFCF9E /* Assets.xcassets */,
				CE405A1B2829FAA800DFCF9E /* Preview Content */,
			);
			path = RealmMemo;
			sourceTree = "<group>";
		};
		CE405A1B2829FAA800DFCF9E /* Preview Content */ = {
			isa = PBXGroup;
			children = (
				CE405A1C2829FAA800DFCF9E /* Preview Assets.xcassets */,
			);
			path = "Preview Content";
			sourceTree = "<group>";
		};
		CE405A232829FACD00DFCF9E /* Main */ = {
			isa = PBXGroup;
			children = (
				CE405A252829FB0D00DFCF9E /* MainViewModel.swift */,
				CE405A362829FE7E00DFCF9E /* Memo */,
				CE405A242829FAD600DFCF9E /* Update */,
			);
			path = Main;
			sourceTree = "<group>";
		};
		CE405A242829FAD600DFCF9E /* Update */ = {
			isa = PBXGroup;
			children = (
				CE405A272829FB2100DFCF9E /* UpdateView.swift */,
			);
			path = Update;
			sourceTree = "<group>";
		};
		CE405A2B2829FB2D00DFCF9E /* Model */ = {
			isa = PBXGroup;
			children = (
				CE405A2C2829FB4F00DFCF9E /* Memo.swift */,
			);
			path = Model;
			sourceTree = "<group>";
		};
		CE405A362829FE7E00DFCF9E /* Memo */ = {
			isa = PBXGroup;
			children = (
				CE405A172829FAA600DFCF9E /* MemoListView.swift */,
			);
			path = Memo;
			sourceTree = "<group>";
		};
/* End PBXGroup section */

/* Begin PBXNativeTarget section */
		CE405A112829FAA600DFCF9E /* RealmMemo */ = {
			isa = PBXNativeTarget;
			buildConfigurationList = CE405A202829FAA800DFCF9E /* Build configuration list for PBXNativeTarget "RealmMemo" */;
			buildPhases = (
				CE405A0E2829FAA600DFCF9E /* Sources */,
				CE405A0F2829FAA600DFCF9E /* Frameworks */,
				CE405A102829FAA600DFCF9E /* Resources */,
			);
			buildRules = (
			);
			dependencies = (
			);
			name = RealmMemo;
			packageProductDependencies = (
				CE405A322829FC8600DFCF9E /* Realm */,
				CE405A342829FC8600DFCF9E /* RealmSwift */,
			);
			productName = RealmMemo;
			productReference = CE405A122829FAA600DFCF9E /* RealmMemo.app */;
			productType = "com.apple.product-type.application";
		};
/* End PBXNativeTarget section */

/* Begin PBXProject section */
		CE405A0A2829FAA600DFCF9E /* Project object */ = {
			isa = PBXProject;
			attributes = {
				BuildIndependentTargetsInParallel = 1;
				LastSwiftUpdateCheck = 1330;
				LastUpgradeCheck = 1330;
				TargetAttributes = {
					CE405A112829FAA600DFCF9E = {
						CreatedOnToolsVersion = 13.3.1;
					};
				};
			};
			buildConfigurationList = CE405A0D2829FAA600DFCF9E /* Build configuration list for PBXProject "RealmMemo" */;
			compatibilityVersion = "Xcode 13.0";
			developmentRegion = en;
			hasScannedForEncodings = 0;
			knownRegions = (
				en,
				Base,
			);
			mainGroup = CE405A092829FAA600DFCF9E;
			packageReferences = (
				CE405A312829FC8600DFCF9E /* XCRemoteSwiftPackageReference "realm-swift" */,
			);
			productRefGroup = CE405A132829FAA600DFCF9E /* Products */;
			projectDirPath = "";
			projectRoot = "";
			targets = (
				CE405A112829FAA600DFCF9E /* RealmMemo */,
			);
		};
/* End PBXProject section */

/* Begin PBXResourcesBuildPhase section */
		CE405A102829FAA600DFCF9E /* Resources */ = {
			isa = PBXResourcesBuildPhase;
			buildActionMask = 2147483647;
			files = (
				CE405A1D2829FAA800DFCF9E /* Preview Assets.xcassets in Resources */,
				CE405A1A2829FAA800DFCF9E /* Assets.xcassets in Resources */,
			);
			runOnlyForDeploymentPostprocessing = 0;
		};
/* End PBXResourcesBuildPhase section */

/* Begin PBXSourcesBuildPhase section */
		CE405A0E2829FAA600DFCF9E /* Sources */ = {
			isa = PBXSourcesBuildPhase;
			buildActionMask = 2147483647;
			files = (
				CE405A182829FAA600DFCF9E /* MemoListView.swift in Sources */,
				CE405A282829FB2100DFCF9E /* UpdateView.swift in Sources */,
				CE405A2D2829FB4F00DFCF9E /* Memo.swift in Sources */,
				CE405A162829FAA600DFCF9E /* RealmMemoApp.swift in Sources */,
				CE405A262829FB0D00DFCF9E /* MainViewModel.swift in Sources */,
			);
			runOnlyForDeploymentPostprocessing = 0;
		};
/* End PBXSourcesBuildPhase section */

/* Begin XCBuildConfiguration section */
		CE405A1E2829FAA800DFCF9E /* Debug */ = {
			isa = XCBuildConfiguration;
			buildSettings = {
				ALWAYS_SEARCH_USER_PATHS = NO;
				CLANG_ANALYZER_NONNULL = YES;
				CLANG_ANALYZER_NUMBER_OBJECT_CONVERSION = YES_AGGRESSIVE;
				CLANG_CXX_LANGUAGE_STANDARD = "gnu++17";
				CLANG_ENABLE_MODULES = YES;
				CLANG_ENABLE_OBJC_ARC = YES;
				CLANG_ENABLE_OBJC_WEAK = YES;
				CLANG_WARN_BLOCK_CAPTURE_AUTORELEASING = YES;
				CLANG_WARN_BOOL_CONVERSION = YES;
				CLANG_WARN_COMMA = YES;
				CLANG_WARN_CONSTANT_CONVERSION = YES;
				CLANG_WARN_DEPRECATED_OBJC_IMPLEMENTATIONS = YES;
				CLANG_WARN_DIRECT_OBJC_ISA_USAGE = YES_ERROR;
				CLANG_WARN_DOCUMENTATION_COMMENTS = YES;
				CLANG_WARN_EMPTY_BODY = YES;
				CLANG_WARN_ENUM_CONVERSION = YES;
				CLANG_WARN_INFINITE_RECURSION = YES;
				CLANG_WARN_INT_CONVERSION = YES;
				CLANG_WARN_NON_LITERAL_NULL_CONVERSION = YES;
				CLANG_WARN_OBJC_IMPLICIT_RETAIN_SELF = YES;
				CLANG_WARN_OBJC_LITERAL_CONVERSION = YES;
				CLANG_WARN_OBJC_ROOT_CLASS = YES_ERROR;
				CLANG_WARN_QUOTED_INCLUDE_IN_FRAMEWORK_HEADER = YES;
				CLANG_WARN_RANGE_LOOP_ANALYSIS = YES;
				CLANG_WARN_STRICT_PROTOTYPES = YES;
				CLANG_WARN_SUSPICIOUS_MOVE = YES;
				CLANG_WARN_UNGUARDED_AVAILABILITY = YES_AGGRESSIVE;
				CLANG_WARN_UNREACHABLE_CODE = YES;
				CLANG_WARN__DUPLICATE_METHOD_MATCH = YES;
				COPY_PHASE_STRIP = NO;
				DEBUG_INFORMATION_FORMAT = dwarf;
				ENABLE_STRICT_OBJC_MSGSEND = YES;
				ENABLE_TESTABILITY = YES;
				GCC_C_LANGUAGE_STANDARD = gnu11;
				GCC_DYNAMIC_NO_PIC = NO;
				GCC_NO_COMMON_BLOCKS = YES;
				GCC_OPTIMIZATION_LEVEL = 0;
				GCC_PREPROCESSOR_DEFINITIONS = (
					"DEBUG=1",
					"$(inherited)",
				);
				GCC_WARN_64_TO_32_BIT_CONVERSION = YES;
				GCC_WARN_ABOUT_RETURN_TYPE = YES_ERROR;
				GCC_WARN_UNDECLARED_SELECTOR = YES;
				GCC_WARN_UNINITIALIZED_AUTOS = YES_AGGRESSIVE;
				GCC_WARN_UNUSED_FUNCTION = YES;
				GCC_WARN_UNUSED_VARIABLE = YES;
				IPHONEOS_DEPLOYMENT_TARGET = 15.4;
				MTL_ENABLE_DEBUG_INFO = INCLUDE_SOURCE;
				MTL_FAST_MATH = YES;
				ONLY_ACTIVE_ARCH = YES;
				SDKROOT = iphoneos;
				SWIFT_ACTIVE_COMPILATION_CONDITIONS = DEBUG;
				SWIFT_OPTIMIZATION_LEVEL = "-Onone";
			};
			name = Debug;
		};
		CE405A1F2829FAA800DFCF9E /* Release */ = {
			isa = XCBuildConfiguration;
			buildSettings = {
				ALWAYS_SEARCH_USER_PATHS = NO;
				CLANG_ANALYZER_NONNULL = YES;
				CLANG_ANALYZER_NUMBER_OBJECT_CONVERSION = YES_AGGRESSIVE;
				CLANG_CXX_LANGUAGE_STANDARD = "gnu++17";
				CLANG_ENABLE_MODULES = YES;
				CLANG_ENABLE_OBJC_ARC = YES;
				CLANG_ENABLE_OBJC_WEAK = YES;
				CLANG_WARN_BLOCK_CAPTURE_AUTORELEASING = YES;
				CLANG_WARN_BOOL_CONVERSION = YES;
				CLANG_WARN_COMMA = YES;
				CLANG_WARN_CONSTANT_CONVERSION = YES;
				CLANG_WARN_DEPRECATED_OBJC_IMPLEMENTATIONS = YES;
				CLANG_WARN_DIRECT_OBJC_ISA_USAGE = YES_ERROR;
				CLANG_WARN_DOCUMENTATION_COMMENTS = YES;
				CLANG_WARN_EMPTY_BODY = YES;
				CLANG_WARN_ENUM_CONVERSION = YES;
				CLANG_WARN_INFINITE_RECURSION = YES;
				CLANG_WARN_INT_CONVERSION = YES;
				CLANG_WARN_NON_LITERAL_NULL_CONVERSION = YES;
				CLANG_WARN_OBJC_IMPLICIT_RETAIN_SELF = YES;
				CLANG_WARN_OBJC_LITERAL_CONVERSION = YES;
				CLANG_WARN_OBJC_ROOT_CLASS = YES_ERROR;
				CLANG_WARN_QUOTED_INCLUDE_IN_FRAMEWORK_HEADER = YES;
				CLANG_WARN_RANGE_LOOP_ANALYSIS = YES;
				CLANG_WARN_STRICT_PROTOTYPES = YES;
				CLANG_WARN_SUSPICIOUS_MOVE = YES;
				CLANG_WARN_UNGUARDED_AVAILABILITY = YES_AGGRESSIVE;
				CLANG_WARN_UNREACHABLE_CODE = YES;
				CLANG_WARN__DUPLICATE_METHOD_MATCH = YES;
				COPY_PHASE_STRIP = NO;
				DEBUG_INFORMATION_FORMAT = "dwarf-with-dsym";
				ENABLE_NS_ASSERTIONS = NO;
				ENABLE_STRICT_OBJC_MSGSEND = YES;
				GCC_C_LANGUAGE_STANDARD = gnu11;
				GCC_NO_COMMON_BLOCKS = YES;
				GCC_WARN_64_TO_32_BIT_CONVERSION = YES;
				GCC_WARN_ABOUT_RETURN_TYPE = YES_ERROR;
				GCC_WARN_UNDECLARED_SELECTOR = YES;
				GCC_WARN_UNINITIALIZED_AUTOS = YES_AGGRESSIVE;
				GCC_WARN_UNUSED_FUNCTION = YES;
				GCC_WARN_UNUSED_VARIABLE = YES;
				IPHONEOS_DEPLOYMENT_TARGET = 15.4;
				MTL_ENABLE_DEBUG_INFO = NO;
				MTL_FAST_MATH = YES;
				SDKROOT = iphoneos;
				SWIFT_COMPILATION_MODE = wholemodule;
				SWIFT_OPTIMIZATION_LEVEL = "-O";
				VALIDATE_PRODUCT = YES;
			};
			name = Release;
		};
		CE405A212829FAA800DFCF9E /* Debug */ = {
			isa = XCBuildConfiguration;
			buildSettings = {
				ASSETCATALOG_COMPILER_APPICON_NAME = AppIcon;
				ASSETCATALOG_COMPILER_GLOBAL_ACCENT_COLOR_NAME = AccentColor;
				CODE_SIGN_STYLE = Automatic;
				CURRENT_PROJECT_VERSION = 1;
				DEVELOPMENT_ASSET_PATHS = "\"RealmMemo/Preview Content\"";
				DEVELOPMENT_TEAM = ZLCJXC9V9X;
				ENABLE_PREVIEWS = YES;
				GENERATE_INFOPLIST_FILE = YES;
				INFOPLIST_KEY_UIApplicationSceneManifest_Generation = YES;
				INFOPLIST_KEY_UIApplicationSupportsIndirectInputEvents = YES;
				INFOPLIST_KEY_UILaunchScreen_Generation = YES;
				INFOPLIST_KEY_UISupportedInterfaceOrientations_iPad = "UIInterfaceOrientationPortrait UIInterfaceOrientationPortraitUpsideDown UIInterfaceOrientationLandscapeLeft UIInterfaceOrientationLandscapeRight";
				INFOPLIST_KEY_UISupportedInterfaceOrientations_iPhone = "UIInterfaceOrientationPortrait UIInterfaceOrientationLandscapeLeft UIInterfaceOrientationLandscapeRight";
				LD_RUNPATH_SEARCH_PATHS = (
					"$(inherited)",
					"@executable_path/Frameworks",
				);
				MARKETING_VERSION = 1.0;
				PRODUCT_BUNDLE_IDENTIFIER = com.darkknight.RealmMemo;
				PRODUCT_NAME = "$(TARGET_NAME)";
				SWIFT_EMIT_LOC_STRINGS = YES;
				SWIFT_VERSION = 5.0;
				TARGETED_DEVICE_FAMILY = "1,2";
			};
			name = Debug;
		};
		CE405A222829FAA800DFCF9E /* Release */ = {
			isa = XCBuildConfiguration;
			buildSettings = {
				ASSETCATALOG_COMPILER_APPICON_NAME = AppIcon;
				ASSETCATALOG_COMPILER_GLOBAL_ACCENT_COLOR_NAME = AccentColor;
				CODE_SIGN_STYLE = Automatic;
				CURRENT_PROJECT_VERSION = 1;
				DEVELOPMENT_ASSET_PATHS = "\"RealmMemo/Preview Content\"";
				DEVELOPMENT_TEAM = ZLCJXC9V9X;
				ENABLE_PREVIEWS = YES;
				GENERATE_INFOPLIST_FILE = YES;
				INFOPLIST_KEY_UIApplicationSceneManifest_Generation = YES;
				INFOPLIST_KEY_UIApplicationSupportsIndirectInputEvents = YES;
				INFOPLIST_KEY_UILaunchScreen_Generation = YES;
				INFOPLIST_KEY_UISupportedInterfaceOrientations_iPad = "UIInterfaceOrientationPortrait UIInterfaceOrientationPortraitUpsideDown UIInterfaceOrientationLandscapeLeft UIInterfaceOrientationLandscapeRight";
				INFOPLIST_KEY_UISupportedInterfaceOrientations_iPhone = "UIInterfaceOrientationPortrait UIInterfaceOrientationLandscapeLeft UIInterfaceOrientationLandscapeRight";
				LD_RUNPATH_SEARCH_PATHS = (
					"$(inherited)",
					"@executable_path/Frameworks",
				);
				MARKETING_VERSION = 1.0;
				PRODUCT_BUNDLE_IDENTIFIER = com.darkknight.RealmMemo;
				PRODUCT_NAME = "$(TARGET_NAME)";
				SWIFT_EMIT_LOC_STRINGS = YES;
				SWIFT_VERSION = 5.0;
				TARGETED_DEVICE_FAMILY = "1,2";
			};
			name = Release;
		};
/* End XCBuildConfiguration section */

/* Begin XCConfigurationList section */
		CE405A0D2829FAA600DFCF9E /* Build configuration list for PBXProject "RealmMemo" */ = {
			isa = XCConfigurationList;
			buildConfigurations = (
				CE405A1E2829FAA800DFCF9E /* Debug */,
				CE405A1F2829FAA800DFCF9E /* Release */,
			);
			defaultConfigurationIsVisible = 0;
			defaultConfigurationName = Release;
		};
		CE405A202829FAA800DFCF9E /* Build configuration list for PBXNativeTarget "RealmMemo" */ = {
			isa = XCConfigurationList;
			buildConfigurations = (
				CE405A212829FAA800DFCF9E /* Debug */,
				CE405A222829FAA800DFCF9E /* Release */,
			);
			defaultConfigurationIsVisible = 0;
			defaultConfigurationName = Release;
		};
/* End XCConfigurationList section */

/* Begin XCRemoteSwiftPackageReference section */
		CE405A312829FC8600DFCF9E /* XCRemoteSwiftPackageReference "realm-swift" */ = {
			isa = XCRemoteSwiftPackageReference;
			repositoryURL = "https://github.com/realm/realm-swift.git";
			requirement = {
				branch = master;
				kind = branch;
			};
		};
/* End XCRemoteSwiftPackageReference section */

/* Begin XCSwiftPackageProductDependency section */
		CE405A322829FC8600DFCF9E /* Realm */ = {
			isa = XCSwiftPackageProductDependency;
			package = CE405A312829FC8600DFCF9E /* XCRemoteSwiftPackageReference "realm-swift" */;
			productName = Realm;
		};
		CE405A342829FC8600DFCF9E /* RealmSwift */ = {
			isa = XCSwiftPackageProductDependency;
			package = CE405A312829FC8600DFCF9E /* XCRemoteSwiftPackageReference "realm-swift" */;
			productName = RealmSwift;
		};
/* End XCSwiftPackageProductDependency section */
	};
	rootObject = CE405A0A2829FAA600DFCF9E /* Project object */;
}
